
Microsoft Visual Studio Solution File, Format Version 12.00
# Visual Studio Version 17
VisualStudioVersion = 17.4.33122.133
MinimumVisualStudioVersion = 10.0.40219.1
Project("{FAE04EC0-301F-11D3-BF4B-00C04F79EFBC}") = "WpfApp1", "WpfApp1\WpfApp1.csproj", "{A401E02E-B5A6-4D5B-9270-EAF264ECFE0A}"
EndProject
Global
	GlobalSection(SolutionConfigurationPlatforms) = preSolution
		Debug|Any CPU = Debug|Any CPU
		Release|Any CPU = Release|Any CPU
	EndGlobalSection
	GlobalSection(ProjectConfigurationPlatforms) = postSolution
		{A401E02E-B5A6-4D5B-9270-EAF264ECFE0A}.Debug|Any CPU.ActiveCfg = Debug|Any CPU
		{A401E02E-B5A6-4D5B-9270-EAF264ECFE0A}.Debug|Any CPU.Build.0 = Debug|Any CPU
		{A401E02E-B5A6-4D5B-9270-EAF264ECFE0A}.Release|Any CPU.ActiveCfg = Release|Any CPU
		{A401E02E-B5A6-4D5B-9270-EAF264ECFE0A}.Release|Any CPU.Build.0 = Release|Any CPU
	EndGlobalSection
	GlobalSection(SolutionProperties) = preSolution
		HideSolutionNode = FALSE
	EndGlobalSection
	GlobalSection(ExtensibilityGlobals) = postSolution
		SolutionGuid = {587837D4-CB60-4E97-932B-31B3B71C039B}
	EndGlobalSection
EndGlobal
